
Microsoft Visual Studio Solution File, Format Version 12.00
# Visual Studio Version 16
VisualStudioVersion = 16.0.31025.194
MinimumVisualStudioVersion = 10.0.40219.1
Project("{FAE04EC0-301F-11D3-BF4B-00C04F79EFBC}") = "OC-Creator", "OC-Creator\OC-Creator.csproj", "{762B2A26-DD1F-4BB3-82CB-F0AE68886639}"
EndProject
Global
	GlobalSection(SolutionConfigurationPlatforms) = preSolution
		Debug|Any CPU = Debug|Any CPU
		Release|Any CPU = Release|Any CPU
	EndGlobalSection
	GlobalSection(ProjectConfigurationPlatforms) = postSolution
		{762B2A26-DD1F-4BB3-82CB-F0AE68886639}.Debug|Any CPU.ActiveCfg = Debug|Any CPU
		{762B2A26-DD1F-4BB3-82CB-F0AE68886639}.Debug|Any CPU.Build.0 = Debug|Any CPU
		{762B2A26-DD1F-4BB3-82CB-F0AE68886639}.Release|Any CPU.ActiveCfg = Release|Any CPU
		{762B2A26-DD1F-4BB3-82CB-F0AE68886639}.Release|Any CPU.Build.0 = Release|Any CPU
	EndGlobalSection
	GlobalSection(SolutionProperties) = preSolution
		HideSolutionNode = FALSE
	EndGlobalSection
	GlobalSection(ExtensibilityGlobals) = postSolution
		SolutionGuid = {399B7689-095B-4B87-9EEE-E927AC15D199}
	EndGlobalSection
EndGlobal
